
Microsoft Visual Studio Solution File, Format Version 12.00
# Visual Studio Version 16
VisualStudioVersion = 16.0.29424.173
MinimumVisualStudioVersion = 10.0.40219.1
Project("{2150E333-8FDC-42A3-9474-1A3956D46DE8}") = "_", "_", "{8931CD11-3EB6-45D8-8CE3-73893E39CB16}"
	ProjectSection(SolutionItems) = preProject
		Overview.txt = Overview.txt
	EndProjectSection
EndProject
Project("{2150E333-8FDC-42A3-9474-1A3956D46DE8}") = "Tests", "Tests", "{7A37A5F2-2BBD-448A-8F1E-1AF675C7F71F}"
EndProject
Project("{6EC3EE1D-3C4E-46DD-8F32-0CC8E7565705}") = "Console.Test", "src\Console.Test\Console.Test.fsproj", "{3EBB35DB-4500-4D22-949B-8C73212C10AF}"
EndProject
Project("{6EC3EE1D-3C4E-46DD-8F32-0CC8E7565705}") = "IssueTracker.Web", "src\IssueTracker.Web\IssueTracker.Web.fsproj", "{7F19E2A4-C61B-4AA1-8EE2-A8E876864788}"
EndProject
Project("{2150E333-8FDC-42A3-9474-1A3956D46DE8}") = "Web", "Web", "{A3266970-159B-4068-A421-C2E2E85CC9DC}"
EndProject
Project("{2150E333-8FDC-42A3-9474-1A3956D46DE8}") = "Main", "Main", "{A1B60651-6399-485A-83FE-16E9FE924155}"
EndProject
Project("{F2A71F9B-5D33-465A-A702-920D77279786}") = "Common", "src\Common\Common.fsproj", "{DE9BAD7C-82F0-4D2D-9369-B1F13C81827D}"
EndProject
Project("{6EC3EE1D-3C4E-46DD-8F32-0CC8E7565705}") = "Users", "src\Users\Users.fsproj", "{BF1DE309-2073-4D21-9C27-8E104450D6B7}"
EndProject
Project("{F2A71F9B-5D33-465A-A702-920D77279786}") = "Users.Tests", "src\Users.Tests\Users.Tests.fsproj", "{933C6210-33E4-4684-A363-5C05E0CA0CF6}"
EndProject
Project("{2150E333-8FDC-42A3-9474-1A3956D46DE8}") = "Tools", "Tools", "{767121EE-3F15-43C6-A232-9A42D33D3298}"
EndProject
Project("{F2A71F9B-5D33-465A-A702-920D77279786}") = "CreateAdminUser", "scr\CreateAdminUser\CreateAdminUser.fsproj", "{E7C020BB-67B7-4C86-9EB5-D4B7F92AA5D3}"
EndProject
Global
	GlobalSection(SolutionConfigurationPlatforms) = preSolution
		Debug|Any CPU = Debug|Any CPU
		Release|Any CPU = Release|Any CPU
	EndGlobalSection
	GlobalSection(ProjectConfigurationPlatforms) = postSolution
		{3EBB35DB-4500-4D22-949B-8C73212C10AF}.Debug|Any CPU.ActiveCfg = Debug|Any CPU
		{3EBB35DB-4500-4D22-949B-8C73212C10AF}.Debug|Any CPU.Build.0 = Debug|Any CPU
		{3EBB35DB-4500-4D22-949B-8C73212C10AF}.Release|Any CPU.ActiveCfg = Release|Any CPU
		{3EBB35DB-4500-4D22-949B-8C73212C10AF}.Release|Any CPU.Build.0 = Release|Any CPU
		{7F19E2A4-C61B-4AA1-8EE2-A8E876864788}.Debug|Any CPU.ActiveCfg = Debug|Any CPU
		{7F19E2A4-C61B-4AA1-8EE2-A8E876864788}.Debug|Any CPU.Build.0 = Debug|Any CPU
		{7F19E2A4-C61B-4AA1-8EE2-A8E876864788}.Release|Any CPU.ActiveCfg = Release|Any CPU
		{7F19E2A4-C61B-4AA1-8EE2-A8E876864788}.Release|Any CPU.Build.0 = Release|Any CPU
		{DE9BAD7C-82F0-4D2D-9369-B1F13C81827D}.Debug|Any CPU.ActiveCfg = Debug|Any CPU
		{DE9BAD7C-82F0-4D2D-9369-B1F13C81827D}.Debug|Any CPU.Build.0 = Debug|Any CPU
		{DE9BAD7C-82F0-4D2D-9369-B1F13C81827D}.Release|Any CPU.ActiveCfg = Release|Any CPU
		{DE9BAD7C-82F0-4D2D-9369-B1F13C81827D}.Release|Any CPU.Build.0 = Release|Any CPU
		{BF1DE309-2073-4D21-9C27-8E104450D6B7}.Debug|Any CPU.ActiveCfg = Debug|Any CPU
		{BF1DE309-2073-4D21-9C27-8E104450D6B7}.Debug|Any CPU.Build.0 = Debug|Any CPU
		{BF1DE309-2073-4D21-9C27-8E104450D6B7}.Release|Any CPU.ActiveCfg = Release|Any CPU
		{BF1DE309-2073-4D21-9C27-8E104450D6B7}.Release|Any CPU.Build.0 = Release|Any CPU
		{933C6210-33E4-4684-A363-5C05E0CA0CF6}.Debug|Any CPU.ActiveCfg = Debug|Any CPU
		{933C6210-33E4-4684-A363-5C05E0CA0CF6}.Debug|Any CPU.Build.0 = Debug|Any CPU
		{933C6210-33E4-4684-A363-5C05E0CA0CF6}.Release|Any CPU.ActiveCfg = Release|Any CPU
		{933C6210-33E4-4684-A363-5C05E0CA0CF6}.Release|Any CPU.Build.0 = Release|Any CPU
		{E7C020BB-67B7-4C86-9EB5-D4B7F92AA5D3}.Debug|Any CPU.ActiveCfg = Debug|Any CPU
		{E7C020BB-67B7-4C86-9EB5-D4B7F92AA5D3}.Debug|Any CPU.Build.0 = Debug|Any CPU
		{E7C020BB-67B7-4C86-9EB5-D4B7F92AA5D3}.Release|Any CPU.ActiveCfg = Release|Any CPU
		{E7C020BB-67B7-4C86-9EB5-D4B7F92AA5D3}.Release|Any CPU.Build.0 = Release|Any CPU
	EndGlobalSection
	GlobalSection(SolutionProperties) = preSolution
		HideSolutionNode = FALSE
	EndGlobalSection
	GlobalSection(NestedProjects) = preSolution
		{3EBB35DB-4500-4D22-949B-8C73212C10AF} = {7A37A5F2-2BBD-448A-8F1E-1AF675C7F71F}
		{7F19E2A4-C61B-4AA1-8EE2-A8E876864788} = {A3266970-159B-4068-A421-C2E2E85CC9DC}
		{DE9BAD7C-82F0-4D2D-9369-B1F13C81827D} = {A1B60651-6399-485A-83FE-16E9FE924155}
		{BF1DE309-2073-4D21-9C27-8E104450D6B7} = {A1B60651-6399-485A-83FE-16E9FE924155}
		{933C6210-33E4-4684-A363-5C05E0CA0CF6} = {7A37A5F2-2BBD-448A-8F1E-1AF675C7F71F}
		{E7C020BB-67B7-4C86-9EB5-D4B7F92AA5D3} = {767121EE-3F15-43C6-A232-9A42D33D3298}
	EndGlobalSection
	GlobalSection(ExtensibilityGlobals) = postSolution
		SolutionGuid = {28D75EA8-18C7-4A9F-893E-C9451B38C07D}
	EndGlobalSection
EndGlobal
