
Microsoft Visual Studio Solution File, Format Version 12.00
# Visual Studio Version 16
VisualStudioVersion = 16.0.29424.173
MinimumVisualStudioVersion = 10.0.40219.1
Project("{2150E333-8FDC-42A3-9474-1A3956D46DE8}") = "Solution Items", "Solution Items", "{8931CD11-3EB6-45D8-8CE3-73893E39CB16}"
	ProjectSection(SolutionItems) = preProject
		Overview.txt = Overview.txt
	EndProjectSection
EndProject
Project("{6EC3EE1D-3C4E-46DD-8F32-0CC8E7565705}") = "Domain", "src\Domain\Domain.fsproj", "{019D725B-D70D-4C87-9150-33C5B7D9AF19}"
EndProject
Project("{6EC3EE1D-3C4E-46DD-8F32-0CC8E7565705}") = "Domain.Tests", "src\Domain.Tests\Domain.Tests.fsproj", "{14070DA0-7387-4F88-91DA-AD88035DEB32}"
EndProject
Project("{6EC3EE1D-3C4E-46DD-8F32-0CC8E7565705}") = "Dtos", "src\Dtos\Dtos.fsproj", "{9E054D6C-CD99-43FE-BF00-B4DBFEFC7E07}"
EndProject
Project("{2150E333-8FDC-42A3-9474-1A3956D46DE8}") = "Tests", "Tests", "{7A37A5F2-2BBD-448A-8F1E-1AF675C7F71F}"
EndProject
Project("{6EC3EE1D-3C4E-46DD-8F32-0CC8E7565705}") = "Infrastructure", "src\Infrastructure\Infrastructure.fsproj", "{230E4680-7FEE-4727-AA66-95368A0B7394}"
EndProject
Project("{6EC3EE1D-3C4E-46DD-8F32-0CC8E7565705}") = "Console.Test", "src\Console.Test\Console.Test.fsproj", "{3EBB35DB-4500-4D22-949B-8C73212C10AF}"
EndProject
Project("{F2A71F9B-5D33-465A-A702-920D77279786}") = "Services", "scr\Services\Services.fsproj", "{05660E3D-056C-458A-A5D4-E545FFE4A4E1}"
EndProject
Project("{F2A71F9B-5D33-465A-A702-920D77279786}") = "Projections", "src\Projections\Projections.fsproj", "{F0B0E68D-5A7F-47C3-B8B2-C581DE4B1078}"
EndProject
Global
	GlobalSection(SolutionConfigurationPlatforms) = preSolution
		Debug|Any CPU = Debug|Any CPU
		Release|Any CPU = Release|Any CPU
	EndGlobalSection
	GlobalSection(ProjectConfigurationPlatforms) = postSolution
		{019D725B-D70D-4C87-9150-33C5B7D9AF19}.Debug|Any CPU.ActiveCfg = Debug|Any CPU
		{019D725B-D70D-4C87-9150-33C5B7D9AF19}.Debug|Any CPU.Build.0 = Debug|Any CPU
		{019D725B-D70D-4C87-9150-33C5B7D9AF19}.Release|Any CPU.ActiveCfg = Release|Any CPU
		{019D725B-D70D-4C87-9150-33C5B7D9AF19}.Release|Any CPU.Build.0 = Release|Any CPU
		{14070DA0-7387-4F88-91DA-AD88035DEB32}.Debug|Any CPU.ActiveCfg = Debug|Any CPU
		{14070DA0-7387-4F88-91DA-AD88035DEB32}.Debug|Any CPU.Build.0 = Debug|Any CPU
		{14070DA0-7387-4F88-91DA-AD88035DEB32}.Release|Any CPU.ActiveCfg = Release|Any CPU
		{14070DA0-7387-4F88-91DA-AD88035DEB32}.Release|Any CPU.Build.0 = Release|Any CPU
		{9E054D6C-CD99-43FE-BF00-B4DBFEFC7E07}.Debug|Any CPU.ActiveCfg = Debug|Any CPU
		{9E054D6C-CD99-43FE-BF00-B4DBFEFC7E07}.Debug|Any CPU.Build.0 = Debug|Any CPU
		{9E054D6C-CD99-43FE-BF00-B4DBFEFC7E07}.Release|Any CPU.ActiveCfg = Release|Any CPU
		{9E054D6C-CD99-43FE-BF00-B4DBFEFC7E07}.Release|Any CPU.Build.0 = Release|Any CPU
		{230E4680-7FEE-4727-AA66-95368A0B7394}.Debug|Any CPU.ActiveCfg = Debug|Any CPU
		{230E4680-7FEE-4727-AA66-95368A0B7394}.Debug|Any CPU.Build.0 = Debug|Any CPU
		{230E4680-7FEE-4727-AA66-95368A0B7394}.Release|Any CPU.ActiveCfg = Release|Any CPU
		{230E4680-7FEE-4727-AA66-95368A0B7394}.Release|Any CPU.Build.0 = Release|Any CPU
		{3EBB35DB-4500-4D22-949B-8C73212C10AF}.Debug|Any CPU.ActiveCfg = Debug|Any CPU
		{3EBB35DB-4500-4D22-949B-8C73212C10AF}.Debug|Any CPU.Build.0 = Debug|Any CPU
		{3EBB35DB-4500-4D22-949B-8C73212C10AF}.Release|Any CPU.ActiveCfg = Release|Any CPU
		{3EBB35DB-4500-4D22-949B-8C73212C10AF}.Release|Any CPU.Build.0 = Release|Any CPU
		{05660E3D-056C-458A-A5D4-E545FFE4A4E1}.Debug|Any CPU.ActiveCfg = Debug|Any CPU
		{05660E3D-056C-458A-A5D4-E545FFE4A4E1}.Debug|Any CPU.Build.0 = Debug|Any CPU
		{05660E3D-056C-458A-A5D4-E545FFE4A4E1}.Release|Any CPU.ActiveCfg = Release|Any CPU
		{05660E3D-056C-458A-A5D4-E545FFE4A4E1}.Release|Any CPU.Build.0 = Release|Any CPU
		{F0B0E68D-5A7F-47C3-B8B2-C581DE4B1078}.Debug|Any CPU.ActiveCfg = Debug|Any CPU
		{F0B0E68D-5A7F-47C3-B8B2-C581DE4B1078}.Debug|Any CPU.Build.0 = Debug|Any CPU
		{F0B0E68D-5A7F-47C3-B8B2-C581DE4B1078}.Release|Any CPU.ActiveCfg = Release|Any CPU
		{F0B0E68D-5A7F-47C3-B8B2-C581DE4B1078}.Release|Any CPU.Build.0 = Release|Any CPU
	EndGlobalSection
	GlobalSection(SolutionProperties) = preSolution
		HideSolutionNode = FALSE
	EndGlobalSection
	GlobalSection(NestedProjects) = preSolution
		{14070DA0-7387-4F88-91DA-AD88035DEB32} = {7A37A5F2-2BBD-448A-8F1E-1AF675C7F71F}
		{3EBB35DB-4500-4D22-949B-8C73212C10AF} = {7A37A5F2-2BBD-448A-8F1E-1AF675C7F71F}
	EndGlobalSection
	GlobalSection(ExtensibilityGlobals) = postSolution
		SolutionGuid = {28D75EA8-18C7-4A9F-893E-C9451B38C07D}
	EndGlobalSection
EndGlobal
