
Microsoft Visual Studio Solution File, Format Version 12.00
# Visual Studio Version 16
VisualStudioVersion = 16.0.29424.173
MinimumVisualStudioVersion = 10.0.40219.1
Project("{2150E333-8FDC-42A3-9474-1A3956D46DE8}") = "Solution Items", "Solution Items", "{8931CD11-3EB6-45D8-8CE3-73893E39CB16}"
	ProjectSection(SolutionItems) = preProject
		Overview.txt = Overview.txt
	EndProjectSection
EndProject
Project("{F2A71F9B-5D33-465A-A702-920D77279786}") = "Domain", "src\Domain\Domain.fsproj", "{019D725B-D70D-4C87-9150-33C5B7D9AF19}"
EndProject
Project("{F2A71F9B-5D33-465A-A702-920D77279786}") = "Domain.Tests", "src\Domain.Tests\Domain.Tests.fsproj", "{14070DA0-7387-4F88-91DA-AD88035DEB32}"
EndProject
Global
	GlobalSection(SolutionConfigurationPlatforms) = preSolution
		Debug|Any CPU = Debug|Any CPU
		Release|Any CPU = Release|Any CPU
	EndGlobalSection
	GlobalSection(ProjectConfigurationPlatforms) = postSolution
		{019D725B-D70D-4C87-9150-33C5B7D9AF19}.Debug|Any CPU.ActiveCfg = Debug|Any CPU
		{019D725B-D70D-4C87-9150-33C5B7D9AF19}.Debug|Any CPU.Build.0 = Debug|Any CPU
		{019D725B-D70D-4C87-9150-33C5B7D9AF19}.Release|Any CPU.ActiveCfg = Release|Any CPU
		{019D725B-D70D-4C87-9150-33C5B7D9AF19}.Release|Any CPU.Build.0 = Release|Any CPU
		{14070DA0-7387-4F88-91DA-AD88035DEB32}.Debug|Any CPU.ActiveCfg = Debug|Any CPU
		{14070DA0-7387-4F88-91DA-AD88035DEB32}.Debug|Any CPU.Build.0 = Debug|Any CPU
		{14070DA0-7387-4F88-91DA-AD88035DEB32}.Release|Any CPU.ActiveCfg = Release|Any CPU
		{14070DA0-7387-4F88-91DA-AD88035DEB32}.Release|Any CPU.Build.0 = Release|Any CPU
	EndGlobalSection
	GlobalSection(SolutionProperties) = preSolution
		HideSolutionNode = FALSE
	EndGlobalSection
	GlobalSection(ExtensibilityGlobals) = postSolution
		SolutionGuid = {28D75EA8-18C7-4A9F-893E-C9451B38C07D}
	EndGlobalSection
EndGlobal
